hash: cada479166a8a0261ada4404bf677d8fb2a28e0cef0abc789b67adec22fc0814
updated: 2019-10-30T09:57:20.58721625+01:00
imports:
- name: github.com/eclipse/paho.mqtt.golang
  version: 825e8b38f891bed20340ddb2460dd5c541ab0542
  subpackages:
  - packets
- name: github.com/energieip/common-components-go
  version: 67077304a539eec8114265576a816e4779eeb3f9
  subpackages:
  - pkg/dhvac
  - pkg/network
  - pkg/pconst
  - pkg/service
  - pkg/tools
- name: github.com/gorilla/mux
  version: f395758b854c4efa789b8c1e9b73479704c548cb
- name: github.com/gorilla/websocket
  version: c3e18be99d19e6b3e8f1559eea2c161a665c4b6b
- name: github.com/orcaman/concurrent-map
  version: 8c72a8bb44f6cfcff2abae8ebcbaaaf883331363
- name: github.com/romana/rlog
  version: f018bc92e7d71f27c04e04cbf008860416c21d01
- name: golang.org/x/net
  version: fe3aa8a4527195a6057b3fad46619d7d090e99b5
  subpackages:
  - internal/socks
  - proxy
testImports: []
